hash: a1f45482178052a4cde46019be87490e129240b7962c3661dca732a494d60334
updated: 2018-10-13T03:43:43.266127-07:00
imports:
- name: github.com/gogo/protobuf
  version: 636bf0302bc95575d69441b25a2603156ffdddf1
  subpackages:
  - gogoproto
  - proto
- name: github.com/imdario/mergo
  version: 9f23e2d6bd2a77f959b2bf6acdbefd708a83a4a4
- name: github.com/patrickmn/go-cache
  version: a3647f8e31d79543b2d0f0ae2fe5c379d72cedc0
- name: github.com/xtaci/kcp-go
  version: f48db19e7a48fe347571d6bfc52a7585a53c5315
- name: golang.org/x/crypto
  version: 0709b304e793a5edb4a2c0145f281ecdc20838a4
  repo: https://github.com/golang/crypto
  vcs: git
- name: golang.org/x/net
  version: 161cd47e91fd58ac17490ef4d742dc98bb4cf60e
  repo: https://github.com/golang/net
  vcs: git
testImports: []
