hash: e7ca2368aae38ee2f5a6ab35f4c04278454b5dca2c7a21f5cfd92c7cb6d42fac
updated: 2018-10-11T18:51:07.247357-07:00
imports:
- name: github.com/gogo/protobuf
  version: 636bf0302bc95575d69441b25a2603156ffdddf1
  subpackages:
  - gogoproto
  - jsonpb
  - proto
  - protoc-gen-gogo/descriptor
  - sortkeys
  - types
- name: github.com/imdario/mergo
  version: 9f23e2d6bd2a77f959b2bf6acdbefd708a83a4a4
- name: github.com/klauspost/cpuid
  version: e7e905edc00ea8827e58662220139109efea09db
- name: github.com/klauspost/reedsolomon
  version: 925cb01d65108f2c935e02fdb79ff4a055a4a20d
- name: github.com/nknorg/nnet
  version: 8be0074adecc6dae8664e36b186a85dfc1537536
  subpackages:
  - cache
  - common
  - config
  - log
  - message
  - node
  - overlay
  - overlay/chord
  - overlay/routing
  - protobuf
  - transport
  - util
- name: github.com/patrickmn/go-cache
  version: 5633e0862627c011927fa39556acae8b1f1df58a
- name: github.com/pkg/errors
  version: 816c9085562cd7ee03e7f8188a1cfd942858cded
- name: github.com/templexxx/cpufeat
  version: cef66df7f161dee20f4d650da7268d77eaaec82d
- name: github.com/templexxx/xor
  version: 0af8e873c554da75f37f2049cdffda804533d44c
- name: github.com/tjfoc/gmsm
  version: 0b26aafa7604a3cd63d76facfb62dc7885c068fa
  subpackages:
  - sm4
- name: github.com/xtaci/kcp-go
  version: 60be01eef6f665151bfbcde38429ee1d8710f68f
- name: golang.org/x/crypto
  version: 0709b304e793a5edb4a2c0145f281ecdc20838a4
  subpackages:
  - blowfish
  - cast5
  - internal/subtle
  - pbkdf2
  - salsa20
  - salsa20/salsa
  - tea
  - twofish
  - xtea
- name: golang.org/x/net
  version: 161cd47e91fd58ac17490ef4d742dc98bb4cf60e
  subpackages:
  - bpf
  - internal/iana
  - internal/socket
  - ipv4
testImports: []
